{
    "_readme": [
        "This file locks the dependencies of your project to a known state",
        "Read more about it at http://getcomposer.org/doc/01-basic-usage.md#composer-lock-the-lock-file",
        "This file is @generated automatically"
    ],
    "hash": "fd0e8161146a416070879e4081bd0d79",
    "packages": [
        {
            "name": "stojg/crop",
            "version": "1.2.8",
            "source": {
                "type": "git",
                "url": "https://github.com/stojg/crop.git",
                "reference": "ab11747a89ba0e2d04d4dd4be8db836a67af251a"
            },
            "dist": {
                "type": "zip",
                "url": "https://api.github.com/repos/stojg/crop/zipball/ab11747a89ba0e2d04d4dd4be8db836a67af251a",
                "reference": "ab11747a89ba0e2d04d4dd4be8db836a67af251a",
                "shasum": ""
            },
            "require": {
                "php": ">=5.3.0"
            },
            "type": "library",
            "autoload": {
                "psr-0": {
                    "stojg\\crop": "src/"
                }
            },
            "notification-url": "https://packagist.org/downloads/",
            "license": [
                "BSD-2"
            ],
            "authors": [
                {
                    "name": "Stig Lindqvist",
                    "email": "stojg.lindqvist@gmail.com",
                    "homepage": "https://stojg.se/"
                },
                {
                    "name": "Julien Deniau jdeniau",
                    "email": "julien.deniau@gmail.com",
                    "homepage": "http://www.mapado.com"
                }
            ],
            "description": "Image cropping classes",
            "homepage": "http://github.com/stojg/crop",
            "keywords": [
                "image"
            ],
            "time": "2014-05-21 12:36:43"
        },
        {
            "name": "symfony/yaml",
            "version": "v2.5.0",
            "target-dir": "Symfony/Component/Yaml",
            "source": {
                "type": "git",
                "url": "https://github.com/symfony/Yaml.git",
                "reference": "b4b09c68ec2f2727574544ef0173684281a5033c"
            },
            "dist": {
                "type": "zip",
                "url": "https://api.github.com/repos/symfony/Yaml/zipball/b4b09c68ec2f2727574544ef0173684281a5033c",
                "reference": "b4b09c68ec2f2727574544ef0173684281a5033c",
                "shasum": ""
            },
            "require": {
                "php": ">=5.3.3"
            },
            "type": "library",
            "extra": {
                "branch-alias": {
                    "dev-master": "2.5-dev"
                }
            },
            "autoload": {
                "psr-0": {
                    "Symfony\\Component\\Yaml\\": ""
                }
            },
            "notification-url": "https://packagist.org/downloads/",
            "license": [
                "MIT"
            ],
            "authors": [
                {
                    "name": "Fabien Potencier",
                    "email": "fabien@symfony.com",
                    "homepage": "http://fabien.potencier.org",
                    "role": "Lead Developer"
                },
                {
                    "name": "Symfony Community",
                    "homepage": "http://symfony.com/contributors"
                }
            ],
            "description": "Symfony Yaml Component",
            "homepage": "http://symfony.com",
            "time": "2014-05-16 14:25:18"
        }
    ],
    "packages-dev": null,
    "aliases": [

    ],
    "minimum-stability": "stable",
    "stability-flags": {
        "querypath/querypath": 20,
        "facebook/xhprof": 20,
        "raulfraile/ladybug": 20,
        "drupal/drupal-extension": 0
    },
    "platform": {
        "php": ">=5.3.0"
    },
    "platform-dev": [

    ]
}
